
Microsoft Visual Studio Solution File, Format Version 12.00
# Visual Studio Version 17
VisualStudioVersion = 17.12.35506.116
MinimumVisualStudioVersion = 10.0.40219.1
Project("{FAE04EC0-301F-11D3-BF4B-00C04F79EFBC}") = "kadai_games.Server", "kadai_games.Server\kadai_games.Server.csproj", "{4BC3F5A7-F0A0-47D7-926D-260875C97149}"
EndProject
Project("{54A90642-561A-4BB1-A94E-469ADEE60C69}") = "kadai_games.client", "kadai_games.client\kadai_games.client.esproj", "{533D4907-5D08-409D-B738-9525CF375DFD}"
EndProject
Project("{FAE04EC0-301F-11D3-BF4B-00C04F79EFBC}") = "Unittest", "Unittest02\Unittest.csproj", "{0D0A6E96-DC2A-4DC7-A8F6-F65229D7E820}"
EndProject
Project("{FAE04EC0-301F-11D3-BF4B-00C04F79EFBC}") = "Unitttest_Games", "Unitttest_Games\Unitttest_Games.csproj", "{ADE360A0-DCBA-465C-A14B-864CD66992D5}"
EndProject
Project("{FAE04EC0-301F-11D3-BF4B-00C04F79EFBC}") = "Unittest_Masters_User", "Unittest_Masters_User\Unittest_Masters_User.csproj", "{2E86F1E9-0E1C-40FE-AB7E-46A26E1C2183}"
EndProject
Project("{FAE04EC0-301F-11D3-BF4B-00C04F79EFBC}") = "Unittest_Masters_Genre", "Unittest_Masters_Genre\Unittest_Masters_Genre.csproj", "{1769524E-7C2F-4843-ADA5-86B2549F1220}"
EndProject
Project("{FAE04EC0-301F-11D3-BF4B-00C04F79EFBC}") = "Unittest_Masters_Maker", "Unittest_Masters_Maker\Unittest_Masters_Maker.csproj", "{F460BA21-912D-42C7-AB51-ABA71D121020}"
EndProject
Global
	GlobalSection(SolutionConfigurationPlatforms) = preSolution
		Debug|Any CPU = Debug|Any CPU
		Release|Any CPU = Release|Any CPU
	EndGlobalSection
	GlobalSection(ProjectConfigurationPlatforms) = postSolution
		{4BC3F5A7-F0A0-47D7-926D-260875C97149}.Debug|Any CPU.ActiveCfg = Debug|Any CPU
		{4BC3F5A7-F0A0-47D7-926D-260875C97149}.Debug|Any CPU.Build.0 = Debug|Any CPU
		{4BC3F5A7-F0A0-47D7-926D-260875C97149}.Release|Any CPU.ActiveCfg = Release|Any CPU
		{4BC3F5A7-F0A0-47D7-926D-260875C97149}.Release|Any CPU.Build.0 = Release|Any CPU
		{533D4907-5D08-409D-B738-9525CF375DFD}.Debug|Any CPU.ActiveCfg = Debug|Any CPU
		{533D4907-5D08-409D-B738-9525CF375DFD}.Debug|Any CPU.Build.0 = Debug|Any CPU
		{533D4907-5D08-409D-B738-9525CF375DFD}.Debug|Any CPU.Deploy.0 = Debug|Any CPU
		{533D4907-5D08-409D-B738-9525CF375DFD}.Release|Any CPU.ActiveCfg = Release|Any CPU
		{533D4907-5D08-409D-B738-9525CF375DFD}.Release|Any CPU.Build.0 = Release|Any CPU
		{533D4907-5D08-409D-B738-9525CF375DFD}.Release|Any CPU.Deploy.0 = Release|Any CPU
		{0D0A6E96-DC2A-4DC7-A8F6-F65229D7E820}.Debug|Any CPU.ActiveCfg = Debug|Any CPU
		{0D0A6E96-DC2A-4DC7-A8F6-F65229D7E820}.Debug|Any CPU.Build.0 = Debug|Any CPU
		{0D0A6E96-DC2A-4DC7-A8F6-F65229D7E820}.Release|Any CPU.ActiveCfg = Release|Any CPU
		{0D0A6E96-DC2A-4DC7-A8F6-F65229D7E820}.Release|Any CPU.Build.0 = Release|Any CPU
		{ADE360A0-DCBA-465C-A14B-864CD66992D5}.Debug|Any CPU.ActiveCfg = Debug|Any CPU
		{ADE360A0-DCBA-465C-A14B-864CD66992D5}.Debug|Any CPU.Build.0 = Debug|Any CPU
		{ADE360A0-DCBA-465C-A14B-864CD66992D5}.Release|Any CPU.ActiveCfg = Release|Any CPU
		{ADE360A0-DCBA-465C-A14B-864CD66992D5}.Release|Any CPU.Build.0 = Release|Any CPU
		{2E86F1E9-0E1C-40FE-AB7E-46A26E1C2183}.Debug|Any CPU.ActiveCfg = Debug|Any CPU
		{2E86F1E9-0E1C-40FE-AB7E-46A26E1C2183}.Debug|Any CPU.Build.0 = Debug|Any CPU
		{2E86F1E9-0E1C-40FE-AB7E-46A26E1C2183}.Release|Any CPU.ActiveCfg = Release|Any CPU
		{2E86F1E9-0E1C-40FE-AB7E-46A26E1C2183}.Release|Any CPU.Build.0 = Release|Any CPU
		{1769524E-7C2F-4843-ADA5-86B2549F1220}.Debug|Any CPU.ActiveCfg = Debug|Any CPU
		{1769524E-7C2F-4843-ADA5-86B2549F1220}.Debug|Any CPU.Build.0 = Debug|Any CPU
		{1769524E-7C2F-4843-ADA5-86B2549F1220}.Release|Any CPU.ActiveCfg = Release|Any CPU
		{1769524E-7C2F-4843-ADA5-86B2549F1220}.Release|Any CPU.Build.0 = Release|Any CPU
		{F460BA21-912D-42C7-AB51-ABA71D121020}.Debug|Any CPU.ActiveCfg = Debug|Any CPU
		{F460BA21-912D-42C7-AB51-ABA71D121020}.Debug|Any CPU.Build.0 = Debug|Any CPU
		{F460BA21-912D-42C7-AB51-ABA71D121020}.Release|Any CPU.ActiveCfg = Release|Any CPU
		{F460BA21-912D-42C7-AB51-ABA71D121020}.Release|Any CPU.Build.0 = Release|Any CPU
	EndGlobalSection
	GlobalSection(SolutionProperties) = preSolution
		HideSolutionNode = FALSE
	EndGlobalSection
EndGlobal
